
Microsoft Visual Studio Solution File, Format Version 12.00
# Visual Studio Version 17
VisualStudioVersion = 17.14.36414.22
MinimumVisualStudioVersion = 10.0.40219.1
Project("{8BC9CEB8-8B4A-11D0-8D11-00A0C91BC942}") = "CSPMOD", "CSPMOD\CSPMOD.vcxproj", "{2F4FED68-6E3E-4AE7-A101-12A8F5B5B0DA}"
EndProject
Project("{8BC9CEB8-8B4A-11D0-8D11-00A0C91BC942}") = "CSPPatchTool", "CSPPatchTool\CSPPatchTool.vcxproj", "{1A7A916C-F751-4417-BBB0-C5651BD838F0}"
EndProject
Project("{8BC9CEB8-8B4A-11D0-8D11-00A0C91BC942}") = "SmoothFilter_GaussBlur", "SmoothFilter_GaussBlur\SmoothFilter_GaussBlur.vcxproj", "{A95ADDAC-3BD3-47E1-BCCA-8E62F7E00DED}"
EndProject
Project("{8BC9CEB8-8B4A-11D0-8D11-00A0C91BC942}") = "HSV", "FilterPlugInCSPSAMPLE\ProjectWin\HSV\HSV.vcxproj", "{F76CECC4-38E7-4269-8FB0-00C0F66868CE}"
EndProject
Project("{8BC9CEB8-8B4A-11D0-8D11-00A0C91BC942}") = "SmoothFilter_MotionBlur", "SmoothFilter_MotionBlur\SmoothFilter_MotionBlur.vcxproj", "{97FFA2BF-E889-4C0F-8A39-851F302922C7}"
EndProject
Project("{8BC9CEB8-8B4A-11D0-8D11-00A0C91BC942}") = "SmoothFilter_ReplaceColor", "SmoothFilter_ReplaceColor\SmoothFilter_ReplaceColor.vcxproj", "{5212B498-DA19-4164-BB05-6C2DE030E56E}"
EndProject
Global
	GlobalSection(SolutionConfigurationPlatforms) = preSolution
		Debug|x64 = Debug|x64
		Debug|x86 = Debug|x86
		Release|x64 = Release|x64
		Release|x86 = Release|x86
	EndGlobalSection
	GlobalSection(ProjectConfigurationPlatforms) = postSolution
		{2F4FED68-6E3E-4AE7-A101-12A8F5B5B0DA}.Debug|x64.ActiveCfg = Debug|x64
		{2F4FED68-6E3E-4AE7-A101-12A8F5B5B0DA}.Debug|x64.Build.0 = Debug|x64
		{2F4FED68-6E3E-4AE7-A101-12A8F5B5B0DA}.Debug|x86.ActiveCfg = Debug|Win32
		{2F4FED68-6E3E-4AE7-A101-12A8F5B5B0DA}.Debug|x86.Build.0 = Debug|Win32
		{2F4FED68-6E3E-4AE7-A101-12A8F5B5B0DA}.Release|x64.ActiveCfg = Release|x64
		{2F4FED68-6E3E-4AE7-A101-12A8F5B5B0DA}.Release|x64.Build.0 = Release|x64
		{2F4FED68-6E3E-4AE7-A101-12A8F5B5B0DA}.Release|x86.ActiveCfg = Release|Win32
		{2F4FED68-6E3E-4AE7-A101-12A8F5B5B0DA}.Release|x86.Build.0 = Release|Win32
		{1A7A916C-F751-4417-BBB0-C5651BD838F0}.Debug|x64.ActiveCfg = Debug|x64
		{1A7A916C-F751-4417-BBB0-C5651BD838F0}.Debug|x64.Build.0 = Debug|x64
		{1A7A916C-F751-4417-BBB0-C5651BD838F0}.Debug|x86.ActiveCfg = Debug|Win32
		{1A7A916C-F751-4417-BBB0-C5651BD838F0}.Debug|x86.Build.0 = Debug|Win32
		{1A7A916C-F751-4417-BBB0-C5651BD838F0}.Release|x64.ActiveCfg = Release|x64
		{1A7A916C-F751-4417-BBB0-C5651BD838F0}.Release|x64.Build.0 = Release|x64
		{1A7A916C-F751-4417-BBB0-C5651BD838F0}.Release|x86.ActiveCfg = Release|Win32
		{1A7A916C-F751-4417-BBB0-C5651BD838F0}.Release|x86.Build.0 = Release|Win32
		{A95ADDAC-3BD3-47E1-BCCA-8E62F7E00DED}.Debug|x64.ActiveCfg = Debug|x64
		{A95ADDAC-3BD3-47E1-BCCA-8E62F7E00DED}.Debug|x64.Build.0 = Debug|x64
		{A95ADDAC-3BD3-47E1-BCCA-8E62F7E00DED}.Debug|x86.ActiveCfg = Debug|Win32
		{A95ADDAC-3BD3-47E1-BCCA-8E62F7E00DED}.Debug|x86.Build.0 = Debug|Win32
		{A95ADDAC-3BD3-47E1-BCCA-8E62F7E00DED}.Release|x64.ActiveCfg = Release|x64
		{A95ADDAC-3BD3-47E1-BCCA-8E62F7E00DED}.Release|x64.Build.0 = Release|x64
		{A95ADDAC-3BD3-47E1-BCCA-8E62F7E00DED}.Release|x86.ActiveCfg = Release|Win32
		{A95ADDAC-3BD3-47E1-BCCA-8E62F7E00DED}.Release|x86.Build.0 = Release|Win32
		{F76CECC4-38E7-4269-8FB0-00C0F66868CE}.Debug|x64.ActiveCfg = Debug|x64
		{F76CECC4-38E7-4269-8FB0-00C0F66868CE}.Debug|x64.Build.0 = Debug|x64
		{F76CECC4-38E7-4269-8FB0-00C0F66868CE}.Debug|x86.ActiveCfg = Debug|Win32
		{F76CECC4-38E7-4269-8FB0-00C0F66868CE}.Debug|x86.Build.0 = Debug|Win32
		{F76CECC4-38E7-4269-8FB0-00C0F66868CE}.Release|x64.ActiveCfg = Release|x64
		{F76CECC4-38E7-4269-8FB0-00C0F66868CE}.Release|x86.ActiveCfg = Release|Win32
		{F76CECC4-38E7-4269-8FB0-00C0F66868CE}.Release|x86.Build.0 = Release|Win32
		{97FFA2BF-E889-4C0F-8A39-851F302922C7}.Debug|x64.ActiveCfg = Debug|x64
		{97FFA2BF-E889-4C0F-8A39-851F302922C7}.Debug|x64.Build.0 = Debug|x64
		{97FFA2BF-E889-4C0F-8A39-851F302922C7}.Debug|x86.ActiveCfg = Debug|Win32
		{97FFA2BF-E889-4C0F-8A39-851F302922C7}.Debug|x86.Build.0 = Debug|Win32
		{97FFA2BF-E889-4C0F-8A39-851F302922C7}.Release|x64.ActiveCfg = Release|x64
		{97FFA2BF-E889-4C0F-8A39-851F302922C7}.Release|x64.Build.0 = Release|x64
		{97FFA2BF-E889-4C0F-8A39-851F302922C7}.Release|x86.ActiveCfg = Release|Win32
		{97FFA2BF-E889-4C0F-8A39-851F302922C7}.Release|x86.Build.0 = Release|Win32
		{5212B498-DA19-4164-BB05-6C2DE030E56E}.Debug|x64.ActiveCfg = Debug|x64
		{5212B498-DA19-4164-BB05-6C2DE030E56E}.Debug|x64.Build.0 = Debug|x64
		{5212B498-DA19-4164-BB05-6C2DE030E56E}.Debug|x86.ActiveCfg = Debug|Win32
		{5212B498-DA19-4164-BB05-6C2DE030E56E}.Debug|x86.Build.0 = Debug|Win32
		{5212B498-DA19-4164-BB05-6C2DE030E56E}.Release|x64.ActiveCfg = Release|x64
		{5212B498-DA19-4164-BB05-6C2DE030E56E}.Release|x64.Build.0 = Release|x64
		{5212B498-DA19-4164-BB05-6C2DE030E56E}.Release|x86.ActiveCfg = Release|Win32
		{5212B498-DA19-4164-BB05-6C2DE030E56E}.Release|x86.Build.0 = Release|Win32
	EndGlobalSection
	GlobalSection(SolutionProperties) = preSolution
		HideSolutionNode = FALSE
	EndGlobalSection
	GlobalSection(ExtensibilityGlobals) = postSolution
		SolutionGuid = {889E1061-4B7A-48C0-BD75-B6E01887656B}
	EndGlobalSection
EndGlobal
