<?xml version="1.0" encoding="utf-8"?>
<Project ToolsVersion="4.0" xmlns="http://schemas.microsoft.com/developer/msbuild/2003">
  <ItemGroup>
    <Filter Include="资源文件">
      <UniqueIdentifier>{67DA6AB6-F800-4c08-8B7A-83BB121AAD01}</UniqueIdentifier>
      <Extensions>rc;ico;cur;bmp;dlg;rc2;rct;bin;rgs;gif;jpg;jpeg;jpe;resx;tiff;tif;png;wav;mfcribbon-ms</Extensions>
    </Filter>
    <Filter Include="Util">
      <UniqueIdentifier>{0ff89030-6510-466b-b276-3044539d9ac7}</UniqueIdentifier>
    </Filter>
    <Filter Include="Util\Json">
      <UniqueIdentifier>{284e03a7-8fae-484c-b081-71df143cfa3a}</UniqueIdentifier>
    </Filter>
  </ItemGroup>
  <ItemGroup>
    <ClCompile Include="DllInject.cpp" />
    <ClCompile Include="main.cpp" />
    <ClCompile Include="CSPHacker.cpp" />
    <ClCompile Include="AddressGenerator.cpp" />
    <ClCompile Include="..\Common\src\Util.cpp">
      <Filter>Util</Filter>
    </ClCompile>
    <ClCompile Include="..\Common\src\json\json_reader.cpp">
      <Filter>Util\Json</Filter>
    </ClCompile>
    <ClCompile Include="..\Common\src\json\json_value.cpp">
      <Filter>Util\Json</Filter>
    </ClCompile>
    <ClCompile Include="..\Common\src\json\json_writer.cpp">
      <Filter>Util\Json</Filter>
    </ClCompile>
    <ClCompile Include="AddressGenerator_HSV.cpp" />
    <ClCompile Include="AddressGenerator_ColorBalance.cpp" />
    <ClCompile Include="AddressGenerator_ToneCurve.cpp" />
    <ClCompile Include="AddressGenerator_TimeLapseExport.cpp" />
    <ClCompile Include="AddressGenerator_CSPData.cpp" />
    <ClCompile Include="AddressGenerator_LayerObject.cpp" />
    <ClCompile Include="AddressGenerator_CSPHelper.cpp" />
    <ClCompile Include="AddressGenerator_CustomFilter.cpp" />
  </ItemGroup>
  <ItemGroup>
    <ClInclude Include="DllInject.h" />
    <ClInclude Include="CSPHacker.h" />
    <ClInclude Include="AddressGenerator.h" />
    <ClInclude Include="..\Common\src\json\json_tool.h">
      <Filter>Util\Json</Filter>
    </ClInclude>
  </ItemGroup>
  <ItemGroup>
    <None Include="..\Common\src\json\json_valueiterator.inl">
      <Filter>Util\Json</Filter>
    </None>
    <None Include="..\README.md" />
  </ItemGroup>
</Project>