<?xml version="1.0" encoding="utf-8"?>
<Project ToolsVersion="4.0" xmlns="http://schemas.microsoft.com/developer/msbuild/2003">
  <ItemGroup>
    <Filter Include="源文件">
      <UniqueIdentifier>{4FC737F1-C7A5-4376-A066-2A32D752A2FF}</UniqueIdentifier>
      <Extensions>cpp;c;cc;cxx;c++;cppm;ixx;def;odl;idl;hpj;bat;asm;asmx</Extensions>
    </Filter>
    <Filter Include="资源文件">
      <UniqueIdentifier>{67DA6AB6-F800-4c08-8B7A-83BB121AAD01}</UniqueIdentifier>
      <Extensions>rc;ico;cur;bmp;dlg;rc2;rct;bin;rgs;gif;jpg;jpeg;jpe;resx;tiff;tif;png;wav;mfcribbon-ms</Extensions>
    </Filter>
    <Filter Include="Util">
      <UniqueIdentifier>{deff0bae-4a84-42c5-b6d6-af4283b2b883}</UniqueIdentifier>
    </Filter>
    <Filter Include="Util\Json">
      <UniqueIdentifier>{cc88f86c-fd51-4dec-93e9-2cf4e8b823fd}</UniqueIdentifier>
    </Filter>
    <Filter Include="ToneAdjustment">
      <UniqueIdentifier>{f92acd83-6eed-400b-bf7a-fe22f4a81dfb}</UniqueIdentifier>
    </Filter>
    <Filter Include="FunctionExpansion">
      <UniqueIdentifier>{021f6257-f60d-4e27-a0ba-7a77ae6a2998}</UniqueIdentifier>
    </Filter>
    <Filter Include="Dui">
      <UniqueIdentifier>{0d07e1ca-cb41-4e64-a49a-6132a6ec13ea}</UniqueIdentifier>
    </Filter>
    <Filter Include="Dui\Dialog">
      <UniqueIdentifier>{3f11fc21-9af1-420f-9732-6688663dd379}</UniqueIdentifier>
    </Filter>
    <Filter Include="Dui\Lang">
      <UniqueIdentifier>{f9496763-c2e7-4d0e-a632-fac59328c5e9}</UniqueIdentifier>
    </Filter>
    <Filter Include="FilterPluginHost">
      <UniqueIdentifier>{316c93e8-ae8f-4b3f-b145-16e2ddba78a1}</UniqueIdentifier>
    </Filter>
    <Filter Include="FilterPluginHost\ReplaceColor">
      <UniqueIdentifier>{f4c37008-a5ff-4dc1-857e-e2e0c5d394a7}</UniqueIdentifier>
    </Filter>
    <Filter Include="Graphic">
      <UniqueIdentifier>{bae7b86e-e58f-4079-a5d3-b1df3ddfa54a}</UniqueIdentifier>
    </Filter>
    <Filter Include="Graphic\Shaders">
      <UniqueIdentifier>{647db682-1c3b-4668-8623-60d36dd1bf13}</UniqueIdentifier>
    </Filter>
    <Filter Include="Dui\Cursor">
      <UniqueIdentifier>{4c9e2597-14e2-4406-af4e-b9bdf86f49f5}</UniqueIdentifier>
    </Filter>
    <Filter Include="FunctionExpansion\ColPickerWnd">
      <UniqueIdentifier>{82de5795-3d28-4613-951c-d1185740d625}</UniqueIdentifier>
    </Filter>
    <Filter Include="Dui\UserControl">
      <UniqueIdentifier>{55d9bcb1-131c-4871-8c5f-82451eba6763}</UniqueIdentifier>
    </Filter>
  </ItemGroup>
  <ItemGroup>
    <ClInclude Include="pch.h">
      <Filter>源文件</Filter>
    </ClInclude>
    <ClInclude Include="framework.h">
      <Filter>源文件</Filter>
    </ClInclude>
    <ClInclude Include="AddressTable.h">
      <Filter>源文件</Filter>
    </ClInclude>
    <ClInclude Include="..\..\..\CatTuber64\project\CatTuber64\CatTuber64\src\Util\json\json_tool.h">
      <Filter>Util\Json</Filter>
    </ClInclude>
    <ClInclude Include="CSPMOD.h">
      <Filter>源文件</Filter>
    </ClInclude>
    <ClInclude Include="TA_HSV.h">
      <Filter>ToneAdjustment</Filter>
    </ClInclude>
    <ClInclude Include="TA_ColorBalance.h">
      <Filter>ToneAdjustment</Filter>
    </ClInclude>
    <ClInclude Include="TA_ToneCurve.h">
      <Filter>ToneAdjustment</Filter>
    </ClInclude>
    <ClInclude Include="TimeLapseExport.h">
      <Filter>FunctionExpansion</Filter>
    </ClInclude>
    <ClInclude Include="DUI\CatDui.h">
      <Filter>Dui</Filter>
    </ClInclude>
    <ClInclude Include="DUI\CatDuiThread.h">
      <Filter>Dui</Filter>
    </ClInclude>
    <ClInclude Include="DUI\DuiCommon.h">
      <Filter>Dui</Filter>
    </ClInclude>
    <ClInclude Include="DUI\basic_form.h">
      <Filter>Dui</Filter>
    </ClInclude>
    <ClInclude Include="DUI\Dialog\TimeLapseExport_Dlg.h">
      <Filter>Dui\Dialog</Filter>
    </ClInclude>
    <ClInclude Include="CspData.h">
      <Filter>FunctionExpansion</Filter>
    </ClInclude>
    <ClInclude Include="resource.h" />
    <ClInclude Include="LayerObject.h">
      <Filter>FunctionExpansion</Filter>
    </ClInclude>
    <ClInclude Include="CSPHelper.h">
      <Filter>FunctionExpansion</Filter>
    </ClInclude>
    <ClInclude Include="ScriptAction_ApplyEffects.h">
      <Filter>FunctionExpansion</Filter>
    </ClInclude>
    <ClInclude Include="DUI\Dialog\CheckFunction_Dlg.h">
      <Filter>Dui\Dialog</Filter>
    </ClInclude>
    <ClInclude Include="AppSettings.h">
      <Filter>源文件</Filter>
    </ClInclude>
    <ClInclude Include="DUI\Dialog\ApplyEffects_Dlg.h">
      <Filter>Dui\Dialog</Filter>
    </ClInclude>
    <ClInclude Include="DUI\Dialog\About_Dlg.h">
      <Filter>Dui\Dialog</Filter>
    </ClInclude>
    <ClInclude Include="..\Common\FilterPlugIn\FilterPluginHost_Export.h">
      <Filter>FilterPluginHost</Filter>
    </ClInclude>
    <ClInclude Include="FilterPluginHost\ReplaceColor\ReplaceColorPlugin.h">
      <Filter>FilterPluginHost\ReplaceColor</Filter>
    </ClInclude>
    <ClInclude Include="FilterPluginHost\ReplaceColor\ReplaceColor.h">
      <Filter>FilterPluginHost\ReplaceColor</Filter>
    </ClInclude>
    <ClInclude Include="FilterPluginHost\ReplaceColor\ReplaceColorForm.h">
      <Filter>FilterPluginHost\ReplaceColor</Filter>
    </ClInclude>
    <ClInclude Include="FilterPluginHost\ReplaceColor\ReplaceColorContext.h">
      <Filter>FilterPluginHost\ReplaceColor</Filter>
    </ClInclude>
    <ClInclude Include="Graphic\D3D11Graphic.h">
      <Filter>Graphic</Filter>
    </ClInclude>
    <ClInclude Include="Graphic\Texture.h">
      <Filter>Graphic</Filter>
    </ClInclude>
    <ClInclude Include="Graphic\HSVColorConvert.h">
      <Filter>Graphic</Filter>
    </ClInclude>
    <ClInclude Include="Graphic\RenderSubWindow.h">
      <Filter>Graphic</Filter>
    </ClInclude>
    <ClInclude Include="Graphic\CatWindow_Child.h">
      <Filter>Graphic</Filter>
    </ClInclude>
    <ClInclude Include="Graphic\Window2DComponent_NOTDCOMP.h">
      <Filter>Graphic</Filter>
    </ClInclude>
    <ClInclude Include="DUI\Dialog\ColWheelWnd.h">
      <Filter>Dui\Dialog</Filter>
    </ClInclude>
    <ClInclude Include="DUI\UserControl\LchColorControl.h">
      <Filter>Dui\UserControl</Filter>
    </ClInclude>
    <ClInclude Include="Graphic\CSPMOD_ColorConvert.h">
      <Filter>Graphic</Filter>
    </ClInclude>
    <ClInclude Include="DUI\UserControl\LchColorControl_Primary.h">
      <Filter>Dui\UserControl</Filter>
    </ClInclude>
    <ClInclude Include="Graphic\Geometry.h">
      <Filter>Graphic</Filter>
    </ClInclude>
    <ClInclude Include="DUI\UserControl\LchColorControlContext.h">
      <Filter>Dui\UserControl</Filter>
    </ClInclude>
    <ClInclude Include="DUI\UserControl\BrushColorBlock.h">
      <Filter>Dui\UserControl</Filter>
    </ClInclude>
  </ItemGroup>
  <ItemGroup>
    <ClCompile Include="dllmain.cpp">
      <Filter>源文件</Filter>
    </ClCompile>
    <ClCompile Include="pch.cpp">
      <Filter>源文件</Filter>
    </ClCompile>
    <ClCompile Include="AddressTable.cpp">
      <Filter>源文件</Filter>
    </ClCompile>
    <ClCompile Include="..\..\..\CatTuber64\project\CatTuber64\CatTuber64\src\Util\json\json_value.cpp">
      <Filter>Util\Json</Filter>
    </ClCompile>
    <ClCompile Include="..\..\..\CatTuber64\project\CatTuber64\CatTuber64\src\Util\json\json_writer.cpp">
      <Filter>Util\Json</Filter>
    </ClCompile>
    <ClCompile Include="..\..\..\CatTuber64\project\CatTuber64\CatTuber64\src\Util\json\json_reader.cpp">
      <Filter>Util\Json</Filter>
    </ClCompile>
    <ClCompile Include="..\Common\src\Util.cpp">
      <Filter>Util</Filter>
    </ClCompile>
    <ClCompile Include="CSPMOD.cpp">
      <Filter>源文件</Filter>
    </ClCompile>
    <ClCompile Include="TA_HSV.cpp">
      <Filter>ToneAdjustment</Filter>
    </ClCompile>
    <ClCompile Include="TA_ColorBalance.cpp">
      <Filter>ToneAdjustment</Filter>
    </ClCompile>
    <ClCompile Include="TA_ToneCurve.cpp">
      <Filter>ToneAdjustment</Filter>
    </ClCompile>
    <ClCompile Include="TimeLapseExport.cpp">
      <Filter>FunctionExpansion</Filter>
    </ClCompile>
    <ClCompile Include="DUI\CatDuiThread.cpp">
      <Filter>Dui</Filter>
    </ClCompile>
    <ClCompile Include="DUI\basic_form.cpp">
      <Filter>Dui</Filter>
    </ClCompile>
    <ClCompile Include="DUI\CatDui.cpp">
      <Filter>Dui</Filter>
    </ClCompile>
    <ClCompile Include="DUI\Dialog\TimeLapseExport_Dlg.cpp">
      <Filter>Dui\Dialog</Filter>
    </ClCompile>
    <ClCompile Include="CspData.cpp">
      <Filter>FunctionExpansion</Filter>
    </ClCompile>
    <ClCompile Include="LayerObject.cpp">
      <Filter>FunctionExpansion</Filter>
    </ClCompile>
    <ClCompile Include="CSPHelper.cpp">
      <Filter>FunctionExpansion</Filter>
    </ClCompile>
    <ClCompile Include="DUI\Dialog\CheckFunction_Dlg.cpp">
      <Filter>Dui\Dialog</Filter>
    </ClCompile>
    <ClCompile Include="AppSettings.cpp">
      <Filter>源文件</Filter>
    </ClCompile>
    <ClCompile Include="DUI\Dialog\ApplyEffects_Dlg.cpp">
      <Filter>Dui\Dialog</Filter>
    </ClCompile>
    <ClCompile Include="DUI\Dialog\About_Dlg.cpp">
      <Filter>Dui\Dialog</Filter>
    </ClCompile>
    <ClCompile Include="ScriptAction_ApplyEffects.cpp">
      <Filter>FunctionExpansion</Filter>
    </ClCompile>
    <ClCompile Include="FilterPluginHost\ReplaceColor\ReplaceColorPlugin.cpp">
      <Filter>FilterPluginHost\ReplaceColor</Filter>
    </ClCompile>
    <ClCompile Include="FilterPluginHost\FilterPluginHost_Export.cpp">
      <Filter>FilterPluginHost</Filter>
    </ClCompile>
    <ClCompile Include="FilterPluginHost\ReplaceColor\ReplaceColor.cpp">
      <Filter>FilterPluginHost\ReplaceColor</Filter>
    </ClCompile>
    <ClCompile Include="FilterPluginHost\ReplaceColor\ReplaceColorForm.cpp">
      <Filter>FilterPluginHost\ReplaceColor</Filter>
    </ClCompile>
    <ClCompile Include="FilterPluginHost\ReplaceColor\ReplaceColorContext.cpp">
      <Filter>FilterPluginHost\ReplaceColor</Filter>
    </ClCompile>
    <ClCompile Include="Graphic\D3D11Graphic.cpp">
      <Filter>Graphic</Filter>
    </ClCompile>
    <ClCompile Include="Graphic\Texture.cpp">
      <Filter>Graphic</Filter>
    </ClCompile>
    <ClCompile Include="Graphic\HSVColorConvert.cpp">
      <Filter>Graphic</Filter>
    </ClCompile>
    <ClCompile Include="Graphic\RenderSubWindow.cpp">
      <Filter>源文件</Filter>
    </ClCompile>
    <ClCompile Include="Graphic\CatWindow_Child.cpp">
      <Filter>Graphic</Filter>
    </ClCompile>
    <ClCompile Include="Graphic\Window2DComponent_NOTDCOMP.cpp">
      <Filter>Graphic</Filter>
    </ClCompile>
    <ClCompile Include="DUI\Dialog\ColWheelWnd.cpp">
      <Filter>Dui\Dialog</Filter>
    </ClCompile>
    <ClCompile Include="DUI\UserControl\LchColorControl.cpp">
      <Filter>Dui\UserControl</Filter>
    </ClCompile>
    <ClCompile Include="Graphic\CSPMOD_ColorConvert.cpp">
      <Filter>Graphic</Filter>
    </ClCompile>
    <ClCompile Include="DUI\UserControl\LchColorControl_Primary.cpp">
      <Filter>Dui\UserControl</Filter>
    </ClCompile>
    <ClCompile Include="DUI\UserControl\LchColorControlContext.cpp">
      <Filter>Dui\UserControl</Filter>
    </ClCompile>
    <ClCompile Include="DUI\UserControl\BrushColorBlock.cpp">
      <Filter>Dui\UserControl</Filter>
    </ClCompile>
  </ItemGroup>
  <ItemGroup>
    <None Include="..\..\..\CatTuber64\project\CatTuber64\CatTuber64\src\Util\json\json_valueiterator.inl">
      <Filter>Util\Json</Filter>
    </None>
    <None Include="DuiResource.zip">
      <Filter>Dui</Filter>
    </None>
    <None Include="DuiResource\lang\japanese.ini">
      <Filter>Dui\Lang</Filter>
    </None>
    <None Include="Graphic\Shaders\Tolerance.hlsli">
      <Filter>Graphic\Shaders</Filter>
    </None>
    <None Include="Graphic\Shaders\HSVConvert.hlsli">
      <Filter>Graphic\Shaders</Filter>
    </None>
  </ItemGroup>
  <ItemGroup>
    <Text Include="DuiResource\lang\english.ini">
      <Filter>Dui\Lang</Filter>
    </Text>
    <Text Include="DuiResource\lang\schinese.ini">
      <Filter>Dui\Lang</Filter>
    </Text>
  </ItemGroup>
  <ItemGroup>
    <Xml Include="DuiResource\themes\default\cspHelper_default\TimeLapseExport_Dlg_.xml">
      <Filter>Dui\Dialog</Filter>
    </Xml>
    <Xml Include="DuiResource\themes\default\cspHelper_default\HelperMenu.xml">
      <Filter>Dui\Dialog</Filter>
    </Xml>
    <Xml Include="DuiResource\themes\default\global.xml">
      <Filter>Dui</Filter>
    </Xml>
    <Xml Include="DuiResource\themes\default\cspHelper_default\CheckFunction_Dlg.xml">
      <Filter>Dui\Dialog</Filter>
    </Xml>
    <Xml Include="DuiResource\themes\default\cspHelper_default\ApplyEffectsStart_Dlg.xml">
      <Filter>Dui\Dialog</Filter>
    </Xml>
    <Xml Include="DuiResource\themes\default\cspHelper_default\ApplyEffectsCheckFailed_Dlg.xml">
      <Filter>Dui\Dialog</Filter>
    </Xml>
    <Xml Include="DuiResource\themes\default\cspHelper_default\ApplyEffectsProgress_Dlg.xml">
      <Filter>Dui\Dialog</Filter>
    </Xml>
    <Xml Include="DuiResource\themes\default\cspHelper_default\About_Dlg.xml">
      <Filter>Dui\Dialog</Filter>
    </Xml>
    <Xml Include="DuiResource\themes\default\cspHelper_default\ReplaceColorForm.xml">
      <Filter>FilterPluginHost\ReplaceColor</Filter>
    </Xml>
    <Xml Include="DuiResource\themes\default\cspHelper_default\ColWheelWnd.xml">
      <Filter>Dui\Dialog</Filter>
    </Xml>
    <Xml Include="DuiResource\themes\default\cspHelper_default\ColWheelWndMenu.xml">
      <Filter>Dui\Dialog</Filter>
    </Xml>
  </ItemGroup>
  <ItemGroup>
    <Xsd Include="DUI\NIMDUISchema.xsd">
      <Filter>Dui</Filter>
    </Xsd>
  </ItemGroup>
  <ItemGroup>
    <ResourceCompile Include="CSPMOD.rc">
      <Filter>资源文件</Filter>
    </ResourceCompile>
  </ItemGroup>
  <ItemGroup>
    <FxCompile Include="Graphic\Shaders\FilterVS.hlsl">
      <Filter>Graphic\Shaders</Filter>
    </FxCompile>
    <FxCompile Include="Graphic\Shaders\ReplaceColorPS.hlsl">
      <Filter>Graphic\Shaders</Filter>
    </FxCompile>
    <FxCompile Include="Graphic\Shaders\ReplaceColorGenMaskPS.hlsl">
      <Filter>Graphic\Shaders</Filter>
    </FxCompile>
    <FxCompile Include="Graphic\Shaders\ReplaceColorGenMaskPS_Add.hlsl">
      <Filter>Graphic\Shaders</Filter>
    </FxCompile>
    <FxCompile Include="Graphic\Shaders\ReplaceColorGenMaskPS_Sub.hlsl">
      <Filter>Graphic\Shaders</Filter>
    </FxCompile>
    <FxCompile Include="Graphic\Shaders\ReplaceColorPreviewSelecetAreaPS.hlsl">
      <Filter>Graphic\Shaders</Filter>
    </FxCompile>
    <FxCompile Include="Graphic\Shaders\LchColorControlPS.hlsl">
      <Filter>Graphic\Shaders</Filter>
    </FxCompile>
    <FxCompile Include="Graphic\Shaders\LchColorControlPrimaryRectanglePS.hlsl">
      <Filter>Graphic\Shaders</Filter>
    </FxCompile>
    <FxCompile Include="Graphic\Shaders\LchColorControlPrimaryTrianglePS.hlsl">
      <Filter>Graphic\Shaders</Filter>
    </FxCompile>
    <FxCompile Include="Graphic\Shaders\LchColorControlPrimaryHueCirclePS.hlsl">
      <Filter>Graphic\Shaders</Filter>
    </FxCompile>
    <FxCompile Include="Graphic\Shaders\AlphaBlurPS.hlsl">
      <Filter>Graphic\Shaders</Filter>
    </FxCompile>
  </ItemGroup>
</Project>